
Microsoft Visual Studio Solution File, Format Version 12.00
Project("{FAE04EC0-301F-11D3-BF4B-00C04F79EFBC}") = "Heliotracker", "Heliotracker\Heliotracker.csproj", "{31D0F5C3-9733-4E28-B929-E07ACA77B71A}"
EndProject
Global
	GlobalSection(SolutionConfigurationPlatforms) = preSolution
		Debug|Any CPU = Debug|Any CPU
		Release|Any CPU = Release|Any CPU
	EndGlobalSection
	GlobalSection(ProjectConfigurationPlatforms) = postSolution
		{31D0F5C3-9733-4E28-B929-E07ACA77B71A}.Debug|Any CPU.ActiveCfg = Debug|Any CPU
		{31D0F5C3-9733-4E28-B929-E07ACA77B71A}.Debug|Any CPU.Build.0 = Debug|Any CPU
		{31D0F5C3-9733-4E28-B929-E07ACA77B71A}.Release|Any CPU.ActiveCfg = Release|Any CPU
		{31D0F5C3-9733-4E28-B929-E07ACA77B71A}.Release|Any CPU.Build.0 = Release|Any CPU
	EndGlobalSection
EndGlobal
